
Microsoft Visual Studio Solution File, Format Version 12.00
# Visual Studio Version 17
VisualStudioVersion = 17.3.32929.385
MinimumVisualStudioVersion = 10.0.40219.1
Project("{FAE04EC0-301F-11D3-BF4B-00C04F79EFBC}") = "WindowsFormsApp1", "WindowsFormsApp1\WindowsFormsApp1.csproj", "{853B3333-5709-407C-B4E6-3E66DAF35928}"
EndProject
Global
	GlobalSection(SolutionConfigurationPlatforms) = preSolution
		Debug|Any CPU = Debug|Any CPU
		Release|Any CPU = Release|Any CPU
	EndGlobalSection
	GlobalSection(ProjectConfigurationPlatforms) = postSolution
		{853B3333-5709-407C-B4E6-3E66DAF35928}.Debug|Any CPU.ActiveCfg = Debug|Any CPU
		{853B3333-5709-407C-B4E6-3E66DAF35928}.Debug|Any CPU.Build.0 = Debug|Any CPU
		{853B3333-5709-407C-B4E6-3E66DAF35928}.Release|Any CPU.ActiveCfg = Release|Any CPU
		{853B3333-5709-407C-B4E6-3E66DAF35928}.Release|Any CPU.Build.0 = Release|Any CPU
	EndGlobalSection
	GlobalSection(SolutionProperties) = preSolution
		HideSolutionNode = FALSE
	EndGlobalSection
	GlobalSection(ExtensibilityGlobals) = postSolution
		SolutionGuid = {A4A3F283-979A-41D2-BCBC-7D844178B2E2}
	EndGlobalSection
EndGlobal
